// !$*UTF8*$!
{
	archiveVersion = 1;
	classes = {
	};
	objectVersion = 48;
	objects = {

/* Begin PBXBuildFile section */
		7BC9431E44A0D473A4C08A78 /* libPods-RoadTrip.a in Frameworks */ = {isa = PBXBuildFile; fileRef = AFC72DD3B63F5CC780F95BB1 /* libPods-RoadTrip.a */; };
		C80F2DCB1F9F23780038F005 /* RTNavViewController.m in Sources */ = {isa = PBXBuildFile; fileRef = C80F2DCA1F9F23780038F005 /* RTNavViewController.m */; };
		C80F2DD01F9F279A0038F005 /* RTBaseViewController.m in Sources */ = {isa = PBXBuildFile; fileRef = C80F2DCF1F9F279A0038F005 /* RTBaseViewController.m */; };
		C80F2DD51F9F281B0038F005 /* RTRootViewController.m in Sources */ = {isa = PBXBuildFile; fileRef = C80F2DD41F9F281B0038F005 /* RTRootViewController.m */; };
		C80F2DD81F9F285D0038F005 /* RTHomeViewController.m in Sources */ = {isa = PBXBuildFile; fileRef = C80F2DD71F9F285D0038F005 /* RTHomeViewController.m */; };
		C80F2DDB1F9F287D0038F005 /* RTFindViewController.m in Sources */ = {isa = PBXBuildFile; fileRef = C80F2DDA1F9F287D0038F005 /* RTFindViewController.m */; };
		C80F2DDE1F9F28860038F005 /* RTMineViewController.m in Sources */ = {isa = PBXBuildFile; fileRef = C80F2DDD1F9F28860038F005 /* RTMineViewController.m */; };
		C80F2E0D1F9F346A0038F005 /* UIColor+RTCategory.m in Sources */ = {isa = PBXBuildFile; fileRef = C80F2E0C1F9F346A0038F005 /* UIColor+RTCategory.m */; };
		C81725371F9DE88400BBC44D /* AppDelegate.m in Sources */ = {isa = PBXBuildFile; fileRef = C81725361F9DE88400BBC44D /* AppDelegate.m */; };
		C81725481F9DE88400BBC44D /* main.m in Sources */ = {isa = PBXBuildFile; fileRef = C81725471F9DE88400BBC44D /* main.m */; };
		C89073951FA178C0002271B8 /* RTInterview.m in Sources */ = {isa = PBXBuildFile; fileRef = C89073941FA178C0002271B8 /* RTInterview.m */; };
		C8A9200D1FA1ADD900A4DAC9 /* RTNavigationViewController.m in Sources */ = {isa = PBXBuildFile; fileRef = C8A9200C1FA1ADD900A4DAC9 /* RTNavigationViewController.m */; };
		C8A920121FA1D80000A4DAC9 /* SpeechSynthesizer.m in Sources */ = {isa = PBXBuildFile; fileRef = C8A920111FA1D80000A4DAC9 /* SpeechSynthesizer.m */; };
		C8A920151FA1E03A00A4DAC9 /* UIButton+RTBlock.m in Sources */ = {isa = PBXBuildFile; fileRef = C8A920141FA1E03A00A4DAC9 /* UIButton+RTBlock.m */; };
		C8BCF0D11FA09B8200FC587F /* Assets.xcassets in Resources */ = {isa = PBXBuildFile; fileRef = C8BCF0CA1FA0913E00FC587F /* Assets.xcassets */; };
/* End PBXBuildFile section */

/* Begin PBXFileReference section */
		093901DD0C23506BEE4330AA /* Pods-RoadTrip.debug.xcconfig */ = {isa = PBXFileReference; includeInIndex = 1; lastKnownFileType = text.xcconfig; name = "Pods-RoadTrip.debug.xcconfig"; path = "Pods/Target Support Files/Pods-RoadTrip/Pods-RoadTrip.debug.xcconfig"; sourceTree = "<group>"; };
		AFC72DD3B63F5CC780F95BB1 /* libPods-RoadTrip.a */ = {isa = PBXFileReference; explicitFileType = archive.ar; includeInIndex = 0; path = "libPods-RoadTrip.a"; sourceTree = BUILT_PRODUCTS_DIR; };
		C80F2DC91F9F23780038F005 /* RTNavViewController.h */ = {isa = PBXFileReference; lastKnownFileType = sourcecode.c.h; path = RTNavViewController.h; sourceTree = "<group>"; };
		C80F2DCA1F9F23780038F005 /* RTNavViewController.m */ = {isa = PBXFileReference; lastKnownFileType = sourcecode.c.objc; path = RTNavViewController.m; sourceTree = "<group>"; };
		C80F2DCE1F9F279A0038F005 /* RTBaseViewController.h */ = {isa = PBXFileReference; lastKnownFileType = sourcecode.c.h; path = RTBaseViewController.h; sourceTree = "<group>"; };
		C80F2DCF1F9F279A0038F005 /* RTBaseViewController.m */ = {isa = PBXFileReference; lastKnownFileType = sourcecode.c.objc; path = RTBaseViewController.m; sourceTree = "<group>"; };
		C80F2DD31F9F281B0038F005 /* RTRootViewController.h */ = {isa = PBXFileReference; lastKnownFileType = sourcecode.c.h; path = RTRootViewController.h; sourceTree = "<group>"; };
		C80F2DD41F9F281B0038F005 /* RTRootViewController.m */ = {isa = PBXFileReference; lastKnownFileType = sourcecode.c.objc; path = RTRootViewController.m; sourceTree = "<group>"; };
		C80F2DD61F9F285D0038F005 /* RTHomeViewController.h */ = {isa = PBXFileReference; lastKnownFileType = sourcecode.c.h; path = RTHomeViewController.h; sourceTree = "<group>"; };
		C80F2DD71F9F285D0038F005 /* RTHomeViewController.m */ = {isa = PBXFileReference; lastKnownFileType = sourcecode.c.objc; path = RTHomeViewController.m; sourceTree = "<group>"; };
		C80F2DD91F9F287D0038F005 /* RTFindViewController.h */ = {isa = PBXFileReference; lastKnownFileType = sourcecode.c.h; path = RTFindViewController.h; sourceTree = "<group>"; };
		C80F2DDA1F9F287D0038F005 /* RTFindViewController.m */ = {isa = PBXFileReference; lastKnownFileType = sourcecode.c.objc; path = RTFindViewController.m; sourceTree = "<group>"; };
		C80F2DDC1F9F28860038F005 /* RTMineViewController.h */ = {isa = PBXFileReference; lastKnownFileType = sourcecode.c.h; path = RTMineViewController.h; sourceTree = "<group>"; };
		C80F2DDD1F9F28860038F005 /* RTMineViewController.m */ = {isa = PBXFileReference; lastKnownFileType = sourcecode.c.objc; path = RTMineViewController.m; sourceTree = "<group>"; };
		C80F2DE41F9F29F80038F005 /* NSString+CZHash.h */ = {isa = PBXFileReference; lastKnownFileType = sourcecode.c.h; path = "NSString+CZHash.h"; sourceTree = "<group>"; };
		C80F2DE51F9F29F80038F005 /* NSAttributedString+CZAdditon.h */ = {isa = PBXFileReference; lastKnownFileType = sourcecode.c.h; path = "NSAttributedString+CZAdditon.h"; sourceTree = "<group>"; };
		C80F2DE61F9F29F90038F005 /* UIViewController+CZAddition.h */ = {isa = PBXFileReference; lastKnownFileType = sourcecode.c.h; path = "UIViewController+CZAddition.h"; sourceTree = "<group>"; };
		C80F2DE71F9F29F90038F005 /* NSMutableString+Category.h */ = {isa = PBXFileReference; lastKnownFileType = sourcecode.c.h; path = "NSMutableString+Category.h"; sourceTree = "<group>"; };
		C80F2DE81F9F29F90038F005 /* NSString+CZPath.m */ = {isa = PBXFileReference; lastKnownFileType = sourcecode.c.objc; path = "NSString+CZPath.m"; sourceTree = "<group>"; };
		C80F2DE91F9F29F90038F005 /* UIScreen+CZAddition.h */ = {isa = PBXFileReference; lastKnownFileType = sourcecode.c.h; path = "UIScreen+CZAddition.h"; sourceTree = "<group>"; };
		C80F2DEA1F9F29F90038F005 /* NSString+Category.h */ = {isa = PBXFileReference; lastKnownFileType = sourcecode.c.h; path = "NSString+Category.h"; sourceTree = "<group>"; };
		C80F2DEB1F9F29F90038F005 /* NSObject+Category.h */ = {isa = PBXFileReference; lastKnownFileType = sourcecode.c.h; path = "NSObject+Category.h"; sourceTree = "<group>"; };
		C80F2DEC1F9F29F90038F005 /* NSString+Category.m */ = {isa = PBXFileReference; lastKnownFileType = sourcecode.c.objc; path = "NSString+Category.m"; sourceTree = "<group>"; };
		C80F2DED1F9F29FA0038F005 /* NSString+CZBase64.m */ = {isa = PBXFileReference; lastKnownFileType = sourcecode.c.objc; path = "NSString+CZBase64.m"; sourceTree = "<group>"; };
		C80F2DEE1F9F29FA0038F005 /* NSArray+Log.m */ = {isa = PBXFileReference; lastKnownFileType = sourcecode.c.objc; path = "NSArray+Log.m"; sourceTree = "<group>"; };
		C80F2DF11F9F29FA0038F005 /* NSObject+CZRuntime.h */ = {isa = PBXFileReference; lastKnownFileType = sourcecode.c.h; path = "NSObject+CZRuntime.h"; sourceTree = "<group>"; };
		C80F2DF21F9F29FA0038F005 /* UIView+CZAddition.h */ = {isa = PBXFileReference; lastKnownFileType = sourcecode.c.h; path = "UIView+CZAddition.h"; sourceTree = "<group>"; };
		C80F2DF31F9F29FA0038F005 /* UIView+CZAddition.m */ = {isa = PBXFileReference; lastKnownFileType = sourcecode.c.objc; path = "UIView+CZAddition.m"; sourceTree = "<group>"; };
		C80F2DF41F9F29FB0038F005 /* UIScreen+CZAddition.m */ = {isa = PBXFileReference; lastKnownFileType = sourcecode.c.objc; path = "UIScreen+CZAddition.m"; sourceTree = "<group>"; };
		C80F2DF51F9F29FB0038F005 /* NSData+Category.h */ = {isa = PBXFileReference; lastKnownFileType = sourcecode.c.h; path = "NSData+Category.h"; sourceTree = "<group>"; };
		C80F2DF61F9F29FB0038F005 /* UILabel+CZAddition.m */ = {isa = PBXFileReference; lastKnownFileType = sourcecode.c.objc; path = "UILabel+CZAddition.m"; sourceTree = "<group>"; };
		C80F2DF71F9F29FB0038F005 /* NSArray+Log.h */ = {isa = PBXFileReference; lastKnownFileType = sourcecode.c.h; path = "NSArray+Log.h"; sourceTree = "<group>"; };
		C80F2DF81F9F29FB0038F005 /* NSAttributedString+CZAdditon.m */ = {isa = PBXFileReference; lastKnownFileType = sourcecode.c.objc; path = "NSAttributedString+CZAdditon.m"; sourceTree = "<group>"; };
		C80F2DF91F9F29FB0038F005 /* NSArray+Ca.h */ = {isa = PBXFileReference; lastKnownFileType = sourcecode.c.h; path = "NSArray+Ca.h"; sourceTree = "<group>"; };
		C80F2DFA1F9F29FC0038F005 /* NSObject+CZRuntime.m */ = {isa = PBXFileReference; lastKnownFileType = sourcecode.c.objc; path = "NSObject+CZRuntime.m"; sourceTree = "<group>"; };
		C80F2DFB1F9F29FC0038F005 /* NSString+CZBase64.h */ = {isa = PBXFileReference; lastKnownFileType = sourcecode.c.h; path = "NSString+CZBase64.h"; sourceTree = "<group>"; };
		C80F2DFC1F9F29FC0038F005 /* NSObject+Category.m */ = {isa = PBXFileReference; lastKnownFileType = sourcecode.c.objc; path = "NSObject+Category.m"; sourceTree = "<group>"; };
		C80F2DFE1F9F29FD0038F005 /* UIViewController+CZAddition.m */ = {isa = PBXFileReference; lastKnownFileType = sourcecode.c.objc; path = "UIViewController+CZAddition.m"; sourceTree = "<group>"; };
		C80F2DFF1F9F29FD0038F005 /* NSString+CZPath.h */ = {isa = PBXFileReference; lastKnownFileType = sourcecode.c.h; path = "NSString+CZPath.h"; sourceTree = "<group>"; };
		C80F2E001F9F29FD0038F005 /* NSMutableString+Category.m */ = {isa = PBXFileReference; lastKnownFileType = sourcecode.c.objc; path = "NSMutableString+Category.m"; sourceTree = "<group>"; };
		C80F2E021F9F29FE0038F005 /* NSString+CZHash.m */ = {isa = PBXFileReference; lastKnownFileType = sourcecode.c.objc; path = "NSString+CZHash.m"; sourceTree = "<group>"; };
		C80F2E031F9F29FE0038F005 /* NSData+Category.m */ = {isa = PBXFileReference; lastKnownFileType = sourcecode.c.objc; path = "NSData+Category.m"; sourceTree = "<group>"; };
		C80F2E041F9F29FE0038F005 /* NSArray+Ca.m */ = {isa = PBXFileReference; lastKnownFileType = sourcecode.c.objc; path = "NSArray+Ca.m"; sourceTree = "<group>"; };
		C80F2E0A1F9F30610038F005 /* RT-Prefix.pch */ = {isa = PBXFileReference; lastKnownFileType = sourcecode.c.h; path = "RT-Prefix.pch"; sourceTree = "<group>"; };
		C80F2E0B1F9F346A0038F005 /* UIColor+RTCategory.h */ = {isa = PBXFileReference; lastKnownFileType = sourcecode.c.h; path = "UIColor+RTCategory.h"; sourceTree = "<group>"; };
		C80F2E0C1F9F346A0038F005 /* UIColor+RTCategory.m */ = {isa = PBXFileReference; lastKnownFileType = sourcecode.c.objc; path = "UIColor+RTCategory.m"; sourceTree = "<group>"; };
		C81725321F9DE88400BBC44D /* RoadTrip.app */ = {isa = PBXFileReference; explicitFileType = wrapper.application; includeInIndex = 0; path = RoadTrip.app; sourceTree = BUILT_PRODUCTS_DIR; };
		C81725351F9DE88400BBC44D /* AppDelegate.h */ = {isa = PBXFileReference; lastKnownFileType = sourcecode.c.h; path = AppDelegate.h; sourceTree = "<group>"; };
		C81725361F9DE88400BBC44D /* AppDelegate.m */ = {isa = PBXFileReference; lastKnownFileType = sourcecode.c.objc; path = AppDelegate.m; sourceTree = "<group>"; };
		C81725461F9DE88400BBC44D /* Info.plist */ = {isa = PBXFileReference; lastKnownFileType = text.plist.xml; path = Info.plist; sourceTree = "<group>"; };
		C81725471F9DE88400BBC44D /* main.m */ = {isa = PBXFileReference; lastKnownFileType = sourcecode.c.objc; path = main.m; sourceTree = "<group>"; };
		C89073931FA178C0002271B8 /* RTInterview.h */ = {isa = PBXFileReference; lastKnownFileType = sourcecode.c.h; path = RTInterview.h; sourceTree = "<group>"; };
		C89073941FA178C0002271B8 /* RTInterview.m */ = {isa = PBXFileReference; lastKnownFileType = sourcecode.c.objc; path = RTInterview.m; sourceTree = "<group>"; };
		C8A9200B1FA1ADD900A4DAC9 /* RTNavigationViewController.h */ = {isa = PBXFileReference; lastKnownFileType = sourcecode.c.h; path = RTNavigationViewController.h; sourceTree = "<group>"; };
		C8A9200C1FA1ADD900A4DAC9 /* RTNavigationViewController.m */ = {isa = PBXFileReference; lastKnownFileType = sourcecode.c.objc; path = RTNavigationViewController.m; sourceTree = "<group>"; };
		C8A920101FA1D80000A4DAC9 /* SpeechSynthesizer.h */ = {isa = PBXFileReference; lastKnownFileType = sourcecode.c.h; path = SpeechSynthesizer.h; sourceTree = "<group>"; };
		C8A920111FA1D80000A4DAC9 /* SpeechSynthesizer.m */ = {isa = PBXFileReference; lastKnownFileType = sourcecode.c.objc; path = SpeechSynthesizer.m; sourceTree = "<group>"; };
		C8A920131FA1E03A00A4DAC9 /* UIButton+RTBlock.h */ = {isa = PBXFileReference; lastKnownFileType = sourcecode.c.h; path = "UIButton+RTBlock.h"; sourceTree = "<group>"; };
		C8A920141FA1E03A00A4DAC9 /* UIButton+RTBlock.m */ = {isa = PBXFileReference; lastKnownFileType = sourcecode.c.objc; path = "UIButton+RTBlock.m"; sourceTree = "<group>"; };
		C8BCF0CA1FA0913E00FC587F /* Assets.xcassets */ = {isa = PBXFileReference; lastKnownFileType = folder.assetcatalog; path = Assets.xcassets; sourceTree = "<group>"; };
		EBFD771D273BDDE04825DF89 /* Pods-RoadTrip.release.xcconfig */ = {isa = PBXFileReference; includeInIndex = 1; lastKnownFileType = text.xcconfig; name = "Pods-RoadTrip.release.xcconfig"; path = "Pods/Target Support Files/Pods-RoadTrip/Pods-RoadTrip.release.xcconfig"; sourceTree = "<group>"; };
/* End PBXFileReference section */

/* Begin PBXFrameworksBuildPhase section */
		C817252F1F9DE88400BBC44D /* Frameworks */ = {
			isa = PBXFrameworksBuildPhase;
			buildActionMask = 2147483647;
			files = (
				7BC9431E44A0D473A4C08A78 /* libPods-RoadTrip.a in Frameworks */,
			);
			runOnlyForDeploymentPostprocessing = 0;
		};
/* End PBXFrameworksBuildPhase section */

/* Begin PBXGroup section */
		22EA8EA8B70F2B1232BF79CA /* Pods */ = {
			isa = PBXGroup;
			children = (
				093901DD0C23506BEE4330AA /* Pods-RoadTrip.debug.xcconfig */,
				EBFD771D273BDDE04825DF89 /* Pods-RoadTrip.release.xcconfig */,
			);
			name = Pods;
			sourceTree = "<group>";
		};
		A3E5F7758FEFD35FC8DB6D4A /* Frameworks */ = {
			isa = PBXGroup;
			children = (
				AFC72DD3B63F5CC780F95BB1 /* libPods-RoadTrip.a */,
			);
			name = Frameworks;
			sourceTree = "<group>";
		};
		C80F2DC81F9F23320038F005 /* Class */ = {
			isa = PBXGroup;
			children = (
				C80F2DE31F9F29550038F005 /* Main */,
				C80F2DCD1F9F27850038F005 /* BaseClass */,
				C80F2DE01F9F28CB0038F005 /* Common */,
				C8A9200F1FA1BB3800A4DAC9 /* Navigation */,
			);
			path = Class;
			sourceTree = "<group>";
		};
		C80F2DCC1F9F24090038F005 /* Other */ = {
			isa = PBXGroup;
			children = (
				C81725351F9DE88400BBC44D /* AppDelegate.h */,
				C81725361F9DE88400BBC44D /* AppDelegate.m */,
				C81725461F9DE88400BBC44D /* Info.plist */,
				C8BCF0CA1FA0913E00FC587F /* Assets.xcassets */,
				C81725471F9DE88400BBC44D /* main.m */,
				C80F2E0A1F9F30610038F005 /* RT-Prefix.pch */,
				C89073931FA178C0002271B8 /* RTInterview.h */,
				C89073941FA178C0002271B8 /* RTInterview.m */,
			);
			name = Other;
			sourceTree = "<group>";
		};
		C80F2DCD1F9F27850038F005 /* BaseClass */ = {
			isa = PBXGroup;
			children = (
				C80F2DCE1F9F279A0038F005 /* RTBaseViewController.h */,
				C80F2DCF1F9F279A0038F005 /* RTBaseViewController.m */,
				C8A9200B1FA1ADD900A4DAC9 /* RTNavigationViewController.h */,
				C8A9200C1FA1ADD900A4DAC9 /* RTNavigationViewController.m */,
			);
			name = BaseClass;
			sourceTree = "<group>";
		};
		C80F2DE01F9F28CB0038F005 /* Common */ = {
			isa = PBXGroup;
			children = (
				C80F2DF91F9F29FB0038F005 /* NSArray+Ca.h */,
				C80F2E041F9F29FE0038F005 /* NSArray+Ca.m */,
				C80F2DF71F9F29FB0038F005 /* NSArray+Log.h */,
				C80F2DEE1F9F29FA0038F005 /* NSArray+Log.m */,
				C80F2DE51F9F29F80038F005 /* NSAttributedString+CZAdditon.h */,
				C80F2DF81F9F29FB0038F005 /* NSAttributedString+CZAdditon.m */,
				C80F2DF51F9F29FB0038F005 /* NSData+Category.h */,
				C80F2E031F9F29FE0038F005 /* NSData+Category.m */,
				C80F2DE71F9F29F90038F005 /* NSMutableString+Category.h */,
				C80F2E001F9F29FD0038F005 /* NSMutableString+Category.m */,
				C80F2DEB1F9F29F90038F005 /* NSObject+Category.h */,
				C80F2DFC1F9F29FC0038F005 /* NSObject+Category.m */,
				C80F2DF11F9F29FA0038F005 /* NSObject+CZRuntime.h */,
				C80F2DFA1F9F29FC0038F005 /* NSObject+CZRuntime.m */,
				C80F2DEA1F9F29F90038F005 /* NSString+Category.h */,
				C80F2DEC1F9F29F90038F005 /* NSString+Category.m */,
				C80F2DFB1F9F29FC0038F005 /* NSString+CZBase64.h */,
				C80F2DED1F9F29FA0038F005 /* NSString+CZBase64.m */,
				C80F2DE41F9F29F80038F005 /* NSString+CZHash.h */,
				C80F2E021F9F29FE0038F005 /* NSString+CZHash.m */,
				C80F2DFF1F9F29FD0038F005 /* NSString+CZPath.h */,
				C80F2DE81F9F29F90038F005 /* NSString+CZPath.m */,
				C80F2DF61F9F29FB0038F005 /* UILabel+CZAddition.m */,
				C80F2DE91F9F29F90038F005 /* UIScreen+CZAddition.h */,
				C80F2DF41F9F29FB0038F005 /* UIScreen+CZAddition.m */,
				C80F2DF21F9F29FA0038F005 /* UIView+CZAddition.h */,
				C80F2DF31F9F29FA0038F005 /* UIView+CZAddition.m */,
				C80F2DE61F9F29F90038F005 /* UIViewController+CZAddition.h */,
				C80F2DFE1F9F29FD0038F005 /* UIViewController+CZAddition.m */,
				C80F2E0B1F9F346A0038F005 /* UIColor+RTCategory.h */,
				C80F2E0C1F9F346A0038F005 /* UIColor+RTCategory.m */,
				C8A920131FA1E03A00A4DAC9 /* UIButton+RTBlock.h */,
				C8A920141FA1E03A00A4DAC9 /* UIButton+RTBlock.m */,
			);
			name = Common;
			sourceTree = "<group>";
		};
		C80F2DE31F9F29550038F005 /* Main */ = {
			isa = PBXGroup;
			children = (
				C80F2DD31F9F281B0038F005 /* RTRootViewController.h */,
				C80F2DD41F9F281B0038F005 /* RTRootViewController.m */,
				C80F2DD61F9F285D0038F005 /* RTHomeViewController.h */,
				C80F2DD71F9F285D0038F005 /* RTHomeViewController.m */,
				C80F2DD91F9F287D0038F005 /* RTFindViewController.h */,
				C80F2DDA1F9F287D0038F005 /* RTFindViewController.m */,
				C80F2DDC1F9F28860038F005 /* RTMineViewController.h */,
				C80F2DDD1F9F28860038F005 /* RTMineViewController.m */,
			);
			name = Main;
			sourceTree = "<group>";
		};
		C81725291F9DE88400BBC44D = {
			isa = PBXGroup;
			children = (
				C81725341F9DE88400BBC44D /* RoadTrip */,
				C81725331F9DE88400BBC44D /* Products */,
				22EA8EA8B70F2B1232BF79CA /* Pods */,
				A3E5F7758FEFD35FC8DB6D4A /* Frameworks */,
			);
			sourceTree = "<group>";
		};
		C81725331F9DE88400BBC44D /* Products */ = {
			isa = PBXGroup;
			children = (
				C81725321F9DE88400BBC44D /* RoadTrip.app */,
			);
			name = Products;
			sourceTree = "<group>";
		};
		C81725341F9DE88400BBC44D /* RoadTrip */ = {
			isa = PBXGroup;
			children = (
				C80F2DC81F9F23320038F005 /* Class */,
				C80F2DCC1F9F24090038F005 /* Other */,
			);
			path = RoadTrip;
			sourceTree = "<group>";
		};
		C8A9200F1FA1BB3800A4DAC9 /* Navigation */ = {
			isa = PBXGroup;
			children = (
				C8A920101FA1D80000A4DAC9 /* SpeechSynthesizer.h */,
				C8A920111FA1D80000A4DAC9 /* SpeechSynthesizer.m */,
				C80F2DC91F9F23780038F005 /* RTNavViewController.h */,
				C80F2DCA1F9F23780038F005 /* RTNavViewController.m */,
			);
			name = Navigation;
			sourceTree = "<group>";
		};
/* End PBXGroup section */

/* Begin PBXNativeTarget section */
		C81725311F9DE88400BBC44D /* RoadTrip */ = {
			isa = PBXNativeTarget;
			buildConfigurationList = C817254B1F9DE88400BBC44D /* Build configuration list for PBXNativeTarget "RoadTrip" */;
			buildPhases = (
				3E64A3B6CB5D607F97F71BEA /* [CP] Check Pods Manifest.lock */,
				C817252E1F9DE88400BBC44D /* Sources */,
				C817252F1F9DE88400BBC44D /* Frameworks */,
				C81725301F9DE88400BBC44D /* Resources */,
				EB190BC552E13F230B9F0F3C /* [CP] Embed Pods Frameworks */,
				4F6F9BAFF48C70FCDAE679BC /* [CP] Copy Pods Resources */,
			);
			buildRules = (
			);
			dependencies = (
			);
			name = RoadTrip;
			productName = RoadTrip;
			productReference = C81725321F9DE88400BBC44D /* RoadTrip.app */;
			productType = "com.apple.product-type.application";
		};
/* End PBXNativeTarget section */

/* Begin PBXProject section */
		C817252A1F9DE88400BBC44D /* Project object */ = {
			isa = PBXProject;
			attributes = {
				LastUpgradeCheck = 0900;
				ORGANIZATIONNAME = shuaixiao;
				TargetAttributes = {
					C81725311F9DE88400BBC44D = {
						CreatedOnToolsVersion = 9.0;
						ProvisioningStyle = Automatic;
					};
				};
			};
			buildConfigurationList = C817252D1F9DE88400BBC44D /* Build configuration list for PBXProject "RoadTrip" */;
			compatibilityVersion = "Xcode 8.0";
			developmentRegion = en;
			hasScannedForEncodings = 0;
			knownRegions = (
				en,
				Base,
			);
			mainGroup = C81725291F9DE88400BBC44D;
			productRefGroup = C81725331F9DE88400BBC44D /* Products */;
			projectDirPath = "";
			projectRoot = "";
			targets = (
				C81725311F9DE88400BBC44D /* RoadTrip */,
			);
		};
/* End PBXProject section */

/* Begin PBXResourcesBuildPhase section */
		C81725301F9DE88400BBC44D /* Resources */ = {
			isa = PBXResourcesBuildPhase;
			buildActionMask = 2147483647;
			files = (
				C8BCF0D11FA09B8200FC587F /* Assets.xcassets in Resources */,
			);
			runOnlyForDeploymentPostprocessing = 0;
		};
/* End PBXResourcesBuildPhase section */

/* Begin PBXShellScriptBuildPhase section */
		3E64A3B6CB5D607F97F71BEA /* [CP] Check Pods Manifest.lock */ = {
			isa = PBXShellScriptBuildPhase;
			buildActionMask = 2147483647;
			files = (
			);
			inputPaths = (
			);
			name = "[CP] Check Pods Manifest.lock";
			outputPaths = (
			);
			runOnlyForDeploymentPostprocessing = 0;
			shellPath = /bin/sh;
			shellScript = "diff \"${PODS_ROOT}/../Podfile.lock\" \"${PODS_ROOT}/Manifest.lock\" > /dev/null\nif [ $? != 0 ] ; then\n    # print error to STDERR\n    echo \"error: The sandbox is not in sync with the Podfile.lock. Run 'pod install' or update your CocoaPods installation.\" >&2\n    exit 1\nfi\n";
			showEnvVarsInLog = 0;
		};
		4F6F9BAFF48C70FCDAE679BC /* [CP] Copy Pods Resources */ = {
			isa = PBXShellScriptBuildPhase;
			buildActionMask = 2147483647;
			files = (
			);
			inputPaths = (
			);
			name = "[CP] Copy Pods Resources";
			outputPaths = (
			);
			runOnlyForDeploymentPostprocessing = 0;
			shellPath = /bin/sh;
			shellScript = "\"${SRCROOT}/Pods/Target Support Files/Pods-RoadTrip/Pods-RoadTrip-resources.sh\"\n";
			showEnvVarsInLog = 0;
		};
		EB190BC552E13F230B9F0F3C /* [CP] Embed Pods Frameworks */ = {
			isa = PBXShellScriptBuildPhase;
			buildActionMask = 2147483647;
			files = (
			);
			inputPaths = (
			);
			name = "[CP] Embed Pods Frameworks";
			outputPaths = (
			);
			runOnlyForDeploymentPostprocessing = 0;
			shellPath = /bin/sh;
			shellScript = "\"${SRCROOT}/Pods/Target Support Files/Pods-RoadTrip/Pods-RoadTrip-frameworks.sh\"\n";
			showEnvVarsInLog = 0;
		};
/* End PBXShellScriptBuildPhase section */

/* Begin PBXSourcesBuildPhase section */
		C817252E1F9DE88400BBC44D /* Sources */ = {
			isa = PBXSourcesBuildPhase;
			buildActionMask = 2147483647;
			files = (
				C80F2DD51F9F281B0038F005 /* RTRootViewController.m in Sources */,
				C80F2DCB1F9F23780038F005 /* RTNavViewController.m in Sources */,
				C8A9200D1FA1ADD900A4DAC9 /* RTNavigationViewController.m in Sources */,
				C81725481F9DE88400BBC44D /* main.m in Sources */,
				C80F2DDE1F9F28860038F005 /* RTMineViewController.m in Sources */,
				C80F2E0D1F9F346A0038F005 /* UIColor+RTCategory.m in Sources */,
				C89073951FA178C0002271B8 /* RTInterview.m in Sources */,
				C80F2DDB1F9F287D0038F005 /* RTFindViewController.m in Sources */,
				C81725371F9DE88400BBC44D /* AppDelegate.m in Sources */,
				C80F2DD01F9F279A0038F005 /* RTBaseViewController.m in Sources */,
				C8A920121FA1D80000A4DAC9 /* SpeechSynthesizer.m in Sources */,
				C8A920151FA1E03A00A4DAC9 /* UIButton+RTBlock.m in Sources */,
				C80F2DD81F9F285D0038F005 /* RTHomeViewController.m in Sources */,
			);
			runOnlyForDeploymentPostprocessing = 0;
		};
/* End PBXSourcesBuildPhase section */

/* Begin XCBuildConfiguration section */
		C81725491F9DE88400BBC44D /* Debug */ = {
			isa = XCBuildConfiguration;
			buildSettings = {
				ALWAYS_SEARCH_USER_PATHS = NO;
				CLANG_ANALYZER_NONNULL = YES;
				CLANG_ANALYZER_NUMBER_OBJECT_CONVERSION = YES_AGGRESSIVE;
				CLANG_CXX_LANGUAGE_STANDARD = "gnu++14";
				CLANG_CXX_LIBRARY = "libc++";
				CLANG_ENABLE_MODULES = YES;
				CLANG_ENABLE_OBJC_ARC = YES;
				CLANG_WARN_BLOCK_CAPTURE_AUTORELEASING = YES;
				CLANG_WARN_BOOL_CONVERSION = YES;
				CLANG_WARN_COMMA = YES;
				CLANG_WARN_CONSTANT_CONVERSION = YES;
				CLANG_WARN_DIRECT_OBJC_ISA_USAGE = YES_ERROR;
				CLANG_WARN_DOCUMENTATION_COMMENTS = YES;
				CLANG_WARN_EMPTY_BODY = YES;
				CLANG_WARN_ENUM_CONVERSION = YES;
				CLANG_WARN_INFINITE_RECURSION = YES;
				CLANG_WARN_INT_CONVERSION = YES;
				CLANG_WARN_NON_LITERAL_NULL_CONVERSION = YES;
				CLANG_WARN_OBJC_LITERAL_CONVERSION = YES;
				CLANG_WARN_OBJC_ROOT_CLASS = YES_ERROR;
				CLANG_WARN_RANGE_LOOP_ANALYSIS = YES;
				CLANG_WARN_STRICT_PROTOTYPES = YES;
				CLANG_WARN_SUSPICIOUS_MOVE = YES;
				CLANG_WARN_UNGUARDED_AVAILABILITY = YES_AGGRESSIVE;
				CLANG_WARN_UNREACHABLE_CODE = YES;
				CLANG_WARN__DUPLICATE_METHOD_MATCH = YES;
				CODE_SIGN_IDENTITY = "iPhone Developer";
				COPY_PHASE_STRIP = NO;
				DEBUG_INFORMATION_FORMAT = dwarf;
				ENABLE_STRICT_OBJC_MSGSEND = YES;
				ENABLE_TESTABILITY = YES;
				GCC_C_LANGUAGE_STANDARD = gnu11;
				GCC_DYNAMIC_NO_PIC = NO;
				GCC_NO_COMMON_BLOCKS = YES;
				GCC_OPTIMIZATION_LEVEL = 0;
				GCC_PREPROCESSOR_DEFINITIONS = (
					"DEBUG=1",
					"$(inherited)",
				);
				GCC_WARN_64_TO_32_BIT_CONVERSION = YES;
				GCC_WARN_ABOUT_RETURN_TYPE = YES_ERROR;
				GCC_WARN_UNDECLARED_SELECTOR = YES;
				GCC_WARN_UNINITIALIZED_AUTOS = YES_AGGRESSIVE;
				GCC_WARN_UNUSED_FUNCTION = YES;
				GCC_WARN_UNUSED_VARIABLE = YES;
				IPHONEOS_DEPLOYMENT_TARGET = 11.0;
				MTL_ENABLE_DEBUG_INFO = YES;
				ONLY_ACTIVE_ARCH = YES;
				SDKROOT = iphoneos;
			};
			name = Debug;
		};
		C817254A1F9DE88400BBC44D /* Release */ = {
			isa = XCBuildConfiguration;
			buildSettings = {
				ALWAYS_SEARCH_USER_PATHS = NO;
				CLANG_ANALYZER_NONNULL = YES;
				CLANG_ANALYZER_NUMBER_OBJECT_CONVERSION = YES_AGGRESSIVE;
				CLANG_CXX_LANGUAGE_STANDARD = "gnu++14";
				CLANG_CXX_LIBRARY = "libc++";
				CLANG_ENABLE_MODULES = YES;
				CLANG_ENABLE_OBJC_ARC = YES;
				CLANG_WARN_BLOCK_CAPTURE_AUTORELEASING = YES;
				CLANG_WARN_BOOL_CONVERSION = YES;
				CLANG_WARN_COMMA = YES;
				CLANG_WARN_CONSTANT_CONVERSION = YES;
				CLANG_WARN_DIRECT_OBJC_ISA_USAGE = YES_ERROR;
				CLANG_WARN_DOCUMENTATION_COMMENTS = YES;
				CLANG_WARN_EMPTY_BODY = YES;
				CLANG_WARN_ENUM_CONVERSION = YES;
				CLANG_WARN_INFINITE_RECURSION = YES;
				CLANG_WARN_INT_CONVERSION = YES;
				CLANG_WARN_NON_LITERAL_NULL_CONVERSION = YES;
				CLANG_WARN_OBJC_LITERAL_CONVERSION = YES;
				CLANG_WARN_OBJC_ROOT_CLASS = YES_ERROR;
				CLANG_WARN_RANGE_LOOP_ANALYSIS = YES;
				CLANG_WARN_STRICT_PROTOTYPES = YES;
				CLANG_WARN_SUSPICIOUS_MOVE = YES;
				CLANG_WARN_UNGUARDED_AVAILABILITY = YES_AGGRESSIVE;
				CLANG_WARN_UNREACHABLE_CODE = YES;
				CLANG_WARN__DUPLICATE_METHOD_MATCH = YES;
				CODE_SIGN_IDENTITY = "iPhone Developer";
				COPY_PHASE_STRIP = NO;
				DEBUG_INFORMATION_FORMAT = "dwarf-with-dsym";
				ENABLE_NS_ASSERTIONS = NO;
				ENABLE_STRICT_OBJC_MSGSEND = YES;
				GCC_C_LANGUAGE_STANDARD = gnu11;
				GCC_NO_COMMON_BLOCKS = YES;
				GCC_WARN_64_TO_32_BIT_CONVERSION = YES;
				GCC_WARN_ABOUT_RETURN_TYPE = YES_ERROR;
				GCC_WARN_UNDECLARED_SELECTOR = YES;
				GCC_WARN_UNINITIALIZED_AUTOS = YES_AGGRESSIVE;
				GCC_WARN_UNUSED_FUNCTION = YES;
				GCC_WARN_UNUSED_VARIABLE = YES;
				IPHONEOS_DEPLOYMENT_TARGET = 11.0;
				MTL_ENABLE_DEBUG_INFO = NO;
				SDKROOT = iphoneos;
				VALIDATE_PRODUCT = YES;
			};
			name = Release;
		};
		C817254C1F9DE88400BBC44D /* Debug */ = {
			isa = XCBuildConfiguration;
			baseConfigurationReference = 093901DD0C23506BEE4330AA /* Pods-RoadTrip.debug.xcconfig */;
			buildSettings = {
				ASSETCATALOG_COMPILER_APPICON_NAME = AppIcon;
				ASSETCATALOG_COMPILER_LAUNCHIMAGE_NAME = LaunchImage;
				CODE_SIGN_STYLE = Automatic;
				DEVELOPMENT_TEAM = 56ERQH9L8L;
				GCC_INCREASE_PRECOMPILED_HEADER_SHARING = NO;
				GCC_PREFIX_HEADER = "/Users/xiaozhenyang/Desktop/RoadTrip/RoadTrip/RT-Prefix.pch";
				INFOPLIST_FILE = RoadTrip/Info.plist;
				IPHONEOS_DEPLOYMENT_TARGET = 8.0;
				LD_RUNPATH_SEARCH_PATHS = "$(inherited) @executable_path/Frameworks";
				PRODUCT_BUNDLE_IDENTIFIER = com.xiaozhenyang.www.RoadTrip;
				PRODUCT_NAME = "$(TARGET_NAME)";
				TARGETED_DEVICE_FAMILY = "1,2";
			};
			name = Debug;
		};
		C817254D1F9DE88400BBC44D /* Release */ = {
			isa = XCBuildConfiguration;
			baseConfigurationReference = EBFD771D273BDDE04825DF89 /* Pods-RoadTrip.release.xcconfig */;
			buildSettings = {
				ASSETCATALOG_COMPILER_APPICON_NAME = AppIcon;
				ASSETCATALOG_COMPILER_LAUNCHIMAGE_NAME = LaunchImage;
				CODE_SIGN_STYLE = Automatic;
				DEVELOPMENT_TEAM = 56ERQH9L8L;
				GCC_INCREASE_PRECOMPILED_HEADER_SHARING = NO;
				GCC_PREFIX_HEADER = "/Users/xiaozhenyang/Desktop/RoadTrip/RoadTrip/RT-Prefix.pch";
				INFOPLIST_FILE = RoadTrip/Info.plist;
				IPHONEOS_DEPLOYMENT_TARGET = 8.0;
				LD_RUNPATH_SEARCH_PATHS = "$(inherited) @executable_path/Frameworks";
				PRODUCT_BUNDLE_IDENTIFIER = com.xiaozhenyang.www.RoadTrip;
				PRODUCT_NAME = "$(TARGET_NAME)";
				TARGETED_DEVICE_FAMILY = "1,2";
			};
			name = Release;
		};
/* End XCBuildConfiguration section */

/* Begin XCConfigurationList section */
		C817252D1F9DE88400BBC44D /* Build configuration list for PBXProject "RoadTrip" */ = {
			isa = XCConfigurationList;
			buildConfigurations = (
				C81725491F9DE88400BBC44D /* Debug */,
				C817254A1F9DE88400BBC44D /* Release */,
			);
			defaultConfigurationIsVisible = 0;
			defaultConfigurationName = Release;
		};
		C817254B1F9DE88400BBC44D /* Build configuration list for PBXNativeTarget "RoadTrip" */ = {
			isa = XCConfigurationList;
			buildConfigurations = (
				C817254C1F9DE88400BBC44D /* Debug */,
				C817254D1F9DE88400BBC44D /* Release */,
			);
			defaultConfigurationIsVisible = 0;
			defaultConfigurationName = Release;
		};
/* End XCConfigurationList section */
	};
	rootObject = C817252A1F9DE88400BBC44D /* Project object */;
}
